
Microsoft Visual Studio Solution File, Format Version 12.00
# Visual Studio Version 16
VisualStudioVersion = 16.0.30503.244
MinimumVisualStudioVersion = 10.0.40219.1
Project("{FAE04EC0-301F-11D3-BF4B-00C04F79EFBC}") = "Website", "Website\Website.csproj", "{7204679D-B285-4AFA-93FA-6DA0D15145A9}"
EndProject
Project("{2150E333-8FDC-42A3-9474-1A3956D46DE8}") = "Solution Items", "Solution Items", "{359C6D3D-DE5F-41F6-AA82-7EE93C392BB2}"
EndProject
Global
	GlobalSection(SolutionConfigurationPlatforms) = preSolution
		Debug|Any CPU = Debug|Any CPU
		Release|Any CPU = Release|Any CPU
	EndGlobalSection
	GlobalSection(ProjectConfigurationPlatforms) = postSolution
		{7204679D-B285-4AFA-93FA-6DA0D15145A9}.Debug|Any CPU.ActiveCfg = Debug|Any CPU
		{7204679D-B285-4AFA-93FA-6DA0D15145A9}.Debug|Any CPU.Build.0 = Debug|Any CPU
		{7204679D-B285-4AFA-93FA-6DA0D15145A9}.Release|Any CPU.ActiveCfg = Release|Any CPU
		{7204679D-B285-4AFA-93FA-6DA0D15145A9}.Release|Any CPU.Build.0 = Release|Any CPU
	EndGlobalSection
	GlobalSection(SolutionProperties) = preSolution
		HideSolutionNode = FALSE
	EndGlobalSection
	GlobalSection(ExtensibilityGlobals) = postSolution
		SolutionGuid = {D1BAECB9-8413-4B0A-B800-8BBB6F9C2170}
	EndGlobalSection
EndGlobal
